
Microsoft Visual Studio Solution File, Format Version 12.00
# Visual Studio Version 17
VisualStudioVersion = 17.3.32929.385
MinimumVisualStudioVersion = 10.0.40219.1
Project("{FAE04EC0-301F-11D3-BF4B-00C04F79EFBC}") = "Estadisticas", "Estadisticas\Estadisticas.csproj", "{9914BEAF-347A-453F-A78B-29969AC571D5}"
EndProject
Global
	GlobalSection(SolutionConfigurationPlatforms) = preSolution
		Debug|Any CPU = Debug|Any CPU
		Release|Any CPU = Release|Any CPU
	EndGlobalSection
	GlobalSection(ProjectConfigurationPlatforms) = postSolution
		{9914BEAF-347A-453F-A78B-29969AC571D5}.Debug|Any CPU.ActiveCfg = Debug|Any CPU
		{9914BEAF-347A-453F-A78B-29969AC571D5}.Debug|Any CPU.Build.0 = Debug|Any CPU
		{9914BEAF-347A-453F-A78B-29969AC571D5}.Release|Any CPU.ActiveCfg = Release|Any CPU
		{9914BEAF-347A-453F-A78B-29969AC571D5}.Release|Any CPU.Build.0 = Release|Any CPU
	EndGlobalSection
	GlobalSection(SolutionProperties) = preSolution
		HideSolutionNode = FALSE
	EndGlobalSection
	GlobalSection(ExtensibilityGlobals) = postSolution
		SolutionGuid = {1BF30303-25DF-461C-8E81-86417D325D59}
	EndGlobalSection
EndGlobal
